
Microsoft Visual Studio Solution File, Format Version 12.00
# Visual Studio Version 16
VisualStudioVersion = 16.0.31112.23
MinimumVisualStudioVersion = 10.0.40219.1
Project("{FAE04EC0-301F-11D3-BF4B-00C04F79EFBC}") = "Lorayeni", "Lorayeni.csproj", "{0F9647E4-71FF-4E94-9B35-3CBCCF802C48}"
EndProject
Global
	GlobalSection(SolutionConfigurationPlatforms) = preSolution
		Debug|Any CPU = Debug|Any CPU
		Release|Any CPU = Release|Any CPU
	EndGlobalSection
	GlobalSection(ProjectConfigurationPlatforms) = postSolution
		{0F9647E4-71FF-4E94-9B35-3CBCCF802C48}.Debug|Any CPU.ActiveCfg = Debug|Any CPU
		{0F9647E4-71FF-4E94-9B35-3CBCCF802C48}.Debug|Any CPU.Build.0 = Debug|Any CPU
		{0F9647E4-71FF-4E94-9B35-3CBCCF802C48}.Release|Any CPU.ActiveCfg = Release|Any CPU
		{0F9647E4-71FF-4E94-9B35-3CBCCF802C48}.Release|Any CPU.Build.0 = Release|Any CPU
	EndGlobalSection
	GlobalSection(SolutionProperties) = preSolution
		HideSolutionNode = FALSE
	EndGlobalSection
	GlobalSection(ExtensibilityGlobals) = postSolution
		SolutionGuid = {9E7A0931-88EE-4FD7-A56F-54834C35F9E6}
	EndGlobalSection
EndGlobal
